# This file is automatically @generated by Poetry 1.6.1 and should not be changed by hand.

[[package]]
name = "asgiref"
version = "3.7.2"
description = "ASGI specs, helper code, and adapters"
optional = false
python-versions = ">=3.7"
files = [
    {file = "asgiref-3.7.2-py3-none-any.whl", hash = "sha256:89b2ef2247e3b562a16eef663bc0e2e703ec6468e2fa8a5cd61cd449786d4f6e"},
    {file = "asgiref-3.7.2.tar.gz", hash = "sha256:9e0ce3aa93a819ba5b45120216b23878cf6e8525eb3848653452b4192b92afed"},
]

[package.dependencies]
typing-extensions = {version = ">=4", markers = "python_version < \"3.11\""}

[package.extras]
tests = ["mypy (>=0.800)", "pytest", "pytest-asyncio"]

[[package]]
name = "contextvars"
version = "2.4"
description = "PEP 567 Backport"
optional = false
python-versions = "*"
files = [
    {file = "contextvars-2.4.tar.gz", hash = "sha256:f38c908aaa59c14335eeea12abea5f443646216c4e29380d7bf34d2018e2c39e"},
]

[package.dependencies]
immutables = ">=0.9"

[[package]]
name = "django"
version = "3.0"
description = "A high-level Python Web framework that encourages rapid development and clean, pragmatic design."
optional = false
python-versions = ">=3.6"
files = [
    {file = "Django-3.0-py3-none-any.whl", hash = "sha256:6f857bd4e574442ba35a7172f1397b303167dae964cf18e53db5e85fe248d000"},
    {file = "Django-3.0.tar.gz", hash = "sha256:d98c9b6e5eed147bc51f47c014ff6826bd1ab50b166956776ee13db5a58804ae"},
]

[package.dependencies]
asgiref = ">=3.2,<4.0"
pytz = "*"
sqlparse = ">=0.2.2"

[package.extras]
argon2 = ["argon2-cffi (>=16.1.0)"]
bcrypt = ["bcrypt"]

[[package]]
name = "immutables"
version = "0.20"
description = "Immutable Collections"
optional = false
python-versions = ">=3.8.0"
files = [
    {file = "immutables-0.20-cp310-cp310-macosx_10_9_x86_64.whl", hash = "sha256:dea0ae4d7f31b145c18c16badeebc2f039d09411be4a8febb86e1244cf7f1ce0"},
    {file = "immutables-0.20-cp310-cp310-macosx_11_0_arm64.whl", hash = "sha256:2dd0dcef2f8d4523d34dbe1d2b7804b3d2a51fddbd104aad13f506a838a2ea15"},
    {file = "immutables-0.20-cp310-cp310-manylinux_2_17_aarch64.manylinux2014_aarch64.whl", hash = "sha256:393dde58ffd6b4c089ffdf4cef5fe73dad37ce4681acffade5f5d5935ec23c93"},
    {file = "immutables-0.20-cp310-cp310-manylinux_2_5_x86_64.manylinux1_x86_64.manylinux_2_17_x86_64.manylinux2014_x86_64.whl", hash = "sha256:c1214b5a175df783662b7de94b4a82db55cc0ee206dd072fa9e279fb8895d8df"},
    {file = "immutables-0.20-cp310-cp310-musllinux_1_1_aarch64.whl", hash = "sha256:2761e3dc2a6406943ce77b3505e9b3c1187846de65d7247548dc7edaa202fcba"},
    {file = "immutables-0.20-cp310-cp310-musllinux_1_1_x86_64.whl", hash = "sha256:2bcea81e7516bd823b4ed16f4f794531097888675be13e833b1cc946370d5237"},
    {file = "immutables-0.20-cp310-cp310-win32.whl", hash = "sha256:d828e7580f1fa203ddeab0b5e91f44bf95706e7f283ca9fbbcf0ae08f63d3084"},
    {file = "immutables-0.20-cp310-cp310-win_amd64.whl", hash = "sha256:380e2957ba3d63422b2f3fbbff0547c7bbe6479d611d3635c6411005a4264525"},
    {file = "immutables-0.20-cp311-cp311-macosx_10_9_x86_64.whl", hash = "sha256:532be32c7a25dae6cade28825c76d3004cf4d166a0bfacf04bda16056d59ba26"},
    {file = "immutables-0.20-cp311-cp311-macosx_11_0_arm64.whl", hash = "sha256:5302ce9c7827f8300f3dc34a695abb71e4a32bab09e65e5ad6e454785383347f"},
    {file = "immutables-0.20-cp311-cp311-manylinux_2_17_aarch64.manylinux2014_aarch64.whl", hash = "sha256:b51aec54b571ae466113509d4dc79a2808dc2ae9263b71fd6b37778cb49eb292"},
    {file = "immutables-0.20-cp311-cp311-manylinux_2_5_x86_64.manylinux1_x86_64.manylinux_2_17_x86_64.manylinux2014_x86_64.whl", hash = "sha256:47f56aea56e597ecf6631f24a4e26007b6a5f4fe30278b96eb90bc1f60506164"},
    {file = "immutables-0.20-cp311-cp311-musllinux_1_1_aarch64.whl", hash = "sha256:085ac48ee3eef7baf070f181cae574489bbf65930a83ec5bbd65c9940d625db3"},
    {file = "immutables-0.20-cp311-cp311-musllinux_1_1_x86_64.whl", hash = "sha256:f063f53b5c0e8f541ae381f1d828f3d05bbed766a2d6c817f9218b8b37a4cb66"},
    {file = "immutables-0.20-cp311-cp311-win32.whl", hash = "sha256:b0436cc831b47e26bef637bcf143cf0273e49946cfb7c28c44486d70513a3080"},
    {file = "immutables-0.20-cp311-cp311-win_amd64.whl", hash = "sha256:5bb32aee1ea16fbb90f58f8bd96016bca87aba0a8e574e5fa218d0d83b142851"},
    {file = "immutables-0.20-cp312-cp312-macosx_10_9_x86_64.whl", hash = "sha256:4ba726b7a3a696b9d4b122fa2c956bc68e866f3df1b92765060c88c64410ff82"},
    {file = "immutables-0.20-cp312-cp312-macosx_11_0_arm64.whl", hash = "sha256:5a88adf1dcc9d8ab07dba5e74deefcd5b5e38bc677815cbf9365dc43b69f1f08"},
    {file = "immutables-0.20-cp312-cp312-manylinux_2_17_aarch64.manylinux2014_aarch64.whl", hash = "sha256:1009a4e00e2e69a9b40c2f1272795f5a06ad72c9bf4638594d518e9cbd7a721a"},
    {file = "immutables-0.20-cp312-cp312-manylinux_2_5_x86_64.manylinux1_x86_64.manylinux_2_17_x86_64.manylinux2014_x86_64.whl", hash = "sha256:96899994842c37cf4b9d6d2bedf685aae7810bd73f1538f8cba5426e2d65cb85"},
    {file = "immutables-0.20-cp312-cp312-musllinux_1_1_aarch64.whl", hash = "sha256:a606410b2ccb6ae339c3f26cccc9a92bcb16dc06f935d51edfd8ca68cf687e50"},
    {file = "immutables-0.20-cp312-cp312-musllinux_1_1_x86_64.whl", hash = "sha256:e8e82754f72823085643a2c0e6a4c489b806613e94af205825fa81df2ba147a0"},
    {file = "immutables-0.20-cp312-cp312-win32.whl", hash = "sha256:525fb361bd7edc8a891633928d549713af8090c79c25af5cc06eb90b48cb3c64"},
    {file = "immutables-0.20-cp312-cp312-win_amd64.whl", hash = "sha256:a82afc3945e9ceb9bcd416dc4ed9b72f92760c42787e26de50610a8b81d48120"},
    {file = "immutables-0.20-cp38-cp38-macosx_10_9_x86_64.whl", hash = "sha256:f17f25f21e82a1c349a61191cfb13e442a348b880b74cb01b00e0d1e848b63f4"},
    {file = "immutables-0.20-cp38-cp38-macosx_11_0_arm64.whl", hash = "sha256:65954eb861c61af48debb1507518d45ae7d594b4fba7282785a70b48c5f51f9b"},
    {file = "immutables-0.20-cp38-cp38-manylinux_2_17_aarch64.manylinux2014_aarch64.whl", hash = "sha256:62f8a7a22939278127b7a206d05679b268b9cf665437125625348e902617cbad"},
    {file = "immutables-0.20-cp38-cp38-manylinux_2_5_x86_64.manylinux1_x86_64.manylinux_2_17_x86_64.manylinux2014_x86_64.whl", hash = "sha256:ac86f4372f4cfaa00206c12472fd3a78753092279e0552b7e1880944d71b04fe"},
    {file = "immutables-0.20-cp38-cp38-musllinux_1_1_aarch64.whl", hash = "sha256:e771198edc11a9e02ffa693911b3918c6cde0b64ad2e6672b076dbe005557ad8"},
    {file = "immutables-0.20-cp38-cp38-musllinux_1_1_x86_64.whl", hash = "sha256:fc739fc07cff5df2e4f31addbd48660b5ac0da56e9f719f8bb45da8ddd632c63"},
    {file = "immutables-0.20-cp38-cp38-win32.whl", hash = "sha256:c086ccb44d9d3824b9bf816365d10b1b82837efc7119f8bab56bd7a27ed805a9"},
    {file = "immutables-0.20-cp38-cp38-win_amd64.whl", hash = "sha256:9cd2ee9c10bf00be3c94eb51854bc0b761326bd0a7ea0dad4272a3f182269ae6"},
    {file = "immutables-0.20-cp39-cp39-macosx_10_9_x86_64.whl", hash = "sha256:d4f78cb748261f852953620ed991de74972446fd484ec69377a41e2f1a1beb75"},
    {file = "immutables-0.20-cp39-cp39-macosx_11_0_arm64.whl", hash = "sha256:d6449186ea91b7c17ec8e7bd9bf059858298b1db5c053f5d27de8eba077578ce"},
    {file = "immutables-0.20-cp39-cp39-manylinux_2_17_aarch64.manylinux2014_aarch64.whl", hash = "sha256:85dd9765b068f7beb297553fddfcf7f904bd58a184c520830a106a58f0c9bfb4"},
    {file = "immutables-0.20-cp39-cp39-manylinux_2_5_x86_64.manylinux1_x86_64.manylinux_2_17_x86_64.manylinux2014_x86_64.whl", hash = "sha256:f349a7e0327b92dcefb863e49ace086f2f26e6689a4e022c98720c6e9696e763"},
    {file = "immutables-0.20-cp39-cp39-musllinux_1_1_aarch64.whl", hash = "sha256:e3a5462f6d3549bbf7d02ce929fb0cb6df9539445f0589105de4e8b99b906e69"},
    {file = "immutables-0.20-cp39-cp39-musllinux_1_1_x86_64.whl", hash = "sha256:cc51a01a64a6d2cd7db210a49ad010c2ac2e9e026745f23fd31e0784096dcfff"},
    {file = "immutables-0.20-cp39-cp39-win32.whl", hash = "sha256:83794712f0507416f2818edc63f84305358b8656a93e5b9e2ab056d9803c7507"},
    {file = "immutables-0.20-cp39-cp39-win_amd64.whl", hash = "sha256:2837b1078abc66d9f009bee9085cf62515d5516af9a5c9ea2751847e16efd236"},
    {file = "immutables-0.20.tar.gz", hash = "sha256:1d2f83e6a6a8455466cd97b9a90e2b4f7864648616dfa6b19d18f49badac3876"},
]

[package.extras]
test = ["flake8 (>=5.0,<6.0)", "mypy (>=1.4,<2.0)", "pycodestyle (>=2.9,<3.0)", "pytest (>=7.4,<8.0)"]

[[package]]
name = "packaging"
version = "23.1"
description = "Core utilities for Python packages"
optional = false
python-versions = ">=3.7"
files = [
    {file = "packaging-23.1-py3-none-any.whl", hash = "sha256:994793af429502c4ea2ebf6bf664629d07c1a9fe974af92966e4b8d2df7edc61"},
    {file = "packaging-23.1.tar.gz", hash = "sha256:a392980d2b6cffa644431898be54b0045151319d1e7ec34f0cfed48767dd334f"},
]

[[package]]
name = "python-json-logger"
version = "2.0.7"
description = "A python library adding a json log formatter"
optional = false
python-versions = ">=3.6"
files = [
    {file = "python-json-logger-2.0.7.tar.gz", hash = "sha256:23e7ec02d34237c5aa1e29a070193a4ea87583bb4e7f8fd06d3de8264c4b2e1c"},
    {file = "python_json_logger-2.0.7-py3-none-any.whl", hash = "sha256:f380b826a991ebbe3de4d897aeec42760035ac760345e57b812938dc8b35e2bd"},
]

[[package]]
name = "pytz"
version = "2023.3.post1"
description = "World timezone definitions, modern and historical"
optional = false
python-versions = "*"
files = [
    {file = "pytz-2023.3.post1-py2.py3-none-any.whl", hash = "sha256:ce42d816b81b68506614c11e8937d3aa9e41007ceb50bfdcb0749b921bf646c7"},
    {file = "pytz-2023.3.post1.tar.gz", hash = "sha256:7b4fddbeb94a1eba4b557da24f19fdf9db575192544270a9101d8509f9f43d7b"},
]

[[package]]
name = "setuptools"
version = "68.2.2"
description = "Easily download, build, install, upgrade, and uninstall Python packages"
optional = false
python-versions = ">=3.8"
files = [
    {file = "setuptools-68.2.2-py3-none-any.whl", hash = "sha256:b454a35605876da60632df1a60f736524eb73cc47bbc9f3f1ef1b644de74fd2a"},
    {file = "setuptools-68.2.2.tar.gz", hash = "sha256:4ac1475276d2f1c48684874089fefcd83bd7162ddaafb81fac866ba0db282a87"},
]

[package.extras]
docs = ["furo", "jaraco.packaging (>=9.3)", "jaraco.tidelift (>=1.4)", "pygments-github-lexers (==0.0.5)", "rst.linker (>=1.9)", "sphinx (>=3.5)", "sphinx-favicon", "sphinx-hoverxref (<2)", "sphinx-inline-tabs", "sphinx-lint", "sphinx-notfound-page (>=1,<2)", "sphinx-reredirects", "sphinxcontrib-towncrier"]
testing = ["build[virtualenv]", "filelock (>=3.4.0)", "flake8-2020", "ini2toml[lite] (>=0.9)", "jaraco.develop (>=7.21)", "jaraco.envs (>=2.2)", "jaraco.path (>=3.2.0)", "pip (>=19.1)", "pytest (>=6)", "pytest-black (>=0.3.7)", "pytest-checkdocs (>=2.4)", "pytest-cov", "pytest-enabler (>=2.2)", "pytest-mypy (>=0.9.1)", "pytest-perf", "pytest-ruff", "pytest-timeout", "pytest-xdist", "tomli-w (>=1.0.0)", "virtualenv (>=13.0.0)", "wheel"]
testing-integration = ["build[virtualenv] (>=1.0.3)", "filelock (>=3.4.0)", "jaraco.envs (>=2.2)", "jaraco.path (>=3.2.0)", "packaging (>=23.1)", "pytest", "pytest-enabler", "pytest-xdist", "tomli", "virtualenv (>=13.0.0)", "wheel"]

[[package]]
name = "setuptools-scm"
version = "7.1.0"
description = "the blessed package to manage your versions by scm tags"
optional = false
python-versions = ">=3.7"
files = [
    {file = "setuptools_scm-7.1.0-py3-none-any.whl", hash = "sha256:73988b6d848709e2af142aa48c986ea29592bbcfca5375678064708205253d8e"},
    {file = "setuptools_scm-7.1.0.tar.gz", hash = "sha256:6c508345a771aad7d56ebff0e70628bf2b0ec7573762be9960214730de278f27"},
]

[package.dependencies]
packaging = ">=20.0"
setuptools = "*"
tomli = {version = ">=1.0.0", markers = "python_version < \"3.11\""}
typing-extensions = "*"

[package.extras]
test = ["pytest (>=6.2)", "virtualenv (>20)"]
toml = ["setuptools (>=42)"]

[[package]]
name = "sqlparse"
version = "0.4.4"
description = "A non-validating SQL parser."
optional = false
python-versions = ">=3.5"
files = [
    {file = "sqlparse-0.4.4-py3-none-any.whl", hash = "sha256:5430a4fe2ac7d0f93e66f1efc6e1338a41884b7ddf2a350cedd20ccc4d9d28f3"},
    {file = "sqlparse-0.4.4.tar.gz", hash = "sha256:d446183e84b8349fa3061f0fe7f06ca94ba65b426946ffebe6e3e8295332420c"},
]

[package.extras]
dev = ["build", "flake8"]
doc = ["sphinx"]
test = ["pytest", "pytest-cov"]

[[package]]
name = "tomli"
version = "2.0.1"
description = "A lil' TOML parser"
optional = false
python-versions = ">=3.7"
files = [
    {file = "tomli-2.0.1-py3-none-any.whl", hash = "sha256:939de3e7a6161af0c887ef91b7d41a53e7c5a1ca976325f429cb46ea9bc30ecc"},
    {file = "tomli-2.0.1.tar.gz", hash = "sha256:de526c12914f0c550d15924c62d72abc48d6fe7364aa87328337a31007fe8a4f"},
]

[[package]]
name = "typing-extensions"
version = "4.7.1"
description = "Backported and Experimental Type Hints for Python 3.7+"
optional = false
python-versions = ">=3.7"
files = [
    {file = "typing_extensions-4.7.1-py3-none-any.whl", hash = "sha256:440d5dd3af93b060174bf433bccd69b0babc3b15b1a8dca43789fd7f61514b36"},
    {file = "typing_extensions-4.7.1.tar.gz", hash = "sha256:b75ddc264f0ba5615db7ba217daeb99701ad295353c45f9e95963337ceeeffb2"},
]

[metadata]
lock-version = "2.0"
python-versions = ">=3.8,<=3.11"
content-hash = "60074514347ea615d71314d77463ae1b9b3a1adab725426bf8db67e0e8ca1f08"
